
Microsoft Visual Studio Solution File, Format Version 12.00
# Visual Studio 2015
Project("{FAE04EC0-301F-11D3-BF4B-00C04F79EFBC}") = "Timmys-Turbine.CSharp.Plugins", "Timmys-Turbine.CSharp.Plugins.csproj", "{40FA29F9-1EED-A62C-FDF2-A31F9E67BEA5}"
EndProject
Project("{FAE04EC0-301F-11D3-BF4B-00C04F79EFBC}") = "Timmys-Turbine.CSharp", "Timmys-Turbine.CSharp.csproj", "{0B5796E4-B4AC-F526-FEE3-FC0BBB52FD21}"
EndProject
Project("{FAE04EC0-301F-11D3-BF4B-00C04F79EFBC}") = "Timmys-Turbine.CSharp.Editor", "Timmys-Turbine.CSharp.Editor.csproj", "{CC4F35FB-A33A-E1F0-7E99-EAEEE1283B6D}"
EndProject
Global
	GlobalSection(SolutionConfigurationPlatforms) = preSolution
		Debug|Any CPU = Debug|Any CPU
		Release|Any CPU = Release|Any CPU
	EndGlobalSection
	GlobalSection(ProjectConfigurationPlatforms) = postSolution
		{40FA29F9-1EED-A62C-FDF2-A31F9E67BEA5}.Debug|Any CPU.ActiveCfg = Debug|Any CPU
		{40FA29F9-1EED-A62C-FDF2-A31F9E67BEA5}.Debug|Any CPU.Build.0 = Debug|Any CPU
		{40FA29F9-1EED-A62C-FDF2-A31F9E67BEA5}.Release|Any CPU.ActiveCfg = Release|Any CPU
		{40FA29F9-1EED-A62C-FDF2-A31F9E67BEA5}.Release|Any CPU.Build.0 = Release|Any CPU
		{0B5796E4-B4AC-F526-FEE3-FC0BBB52FD21}.Debug|Any CPU.ActiveCfg = Debug|Any CPU
		{0B5796E4-B4AC-F526-FEE3-FC0BBB52FD21}.Debug|Any CPU.Build.0 = Debug|Any CPU
		{0B5796E4-B4AC-F526-FEE3-FC0BBB52FD21}.Release|Any CPU.ActiveCfg = Release|Any CPU
		{0B5796E4-B4AC-F526-FEE3-FC0BBB52FD21}.Release|Any CPU.Build.0 = Release|Any CPU
		{CC4F35FB-A33A-E1F0-7E99-EAEEE1283B6D}.Debug|Any CPU.ActiveCfg = Debug|Any CPU
		{CC4F35FB-A33A-E1F0-7E99-EAEEE1283B6D}.Debug|Any CPU.Build.0 = Debug|Any CPU
		{CC4F35FB-A33A-E1F0-7E99-EAEEE1283B6D}.Release|Any CPU.ActiveCfg = Release|Any CPU
		{CC4F35FB-A33A-E1F0-7E99-EAEEE1283B6D}.Release|Any CPU.Build.0 = Release|Any CPU
	EndGlobalSection
	GlobalSection(SolutionProperties) = preSolution
		HideSolutionNode = FALSE
	EndGlobalSection
EndGlobal
